
Microsoft Visual Studio Solution File, Format Version 12.00
# Visual Studio Version 16
VisualStudioVersion = 16.0.28729.10
MinimumVisualStudioVersion = 10.0.40219.1
Project("{FAE04EC0-301F-11D3-BF4B-00C04F79EFBC}") = "PersonaJSONApp", "PersonaJSONApp.csproj", "{029D3BC9-FCCD-4461-A496-2CD802181837}"
EndProject
Global
	GlobalSection(SolutionConfigurationPlatforms) = preSolution
		Debug|Any CPU = Debug|Any CPU
		Release|Any CPU = Release|Any CPU
	EndGlobalSection
	GlobalSection(ProjectConfigurationPlatforms) = postSolution
		{029D3BC9-FCCD-4461-A496-2CD802181837}.Debug|Any CPU.ActiveCfg = Debug|Any CPU
		{029D3BC9-FCCD-4461-A496-2CD802181837}.Debug|Any CPU.Build.0 = Debug|Any CPU
		{029D3BC9-FCCD-4461-A496-2CD802181837}.Release|Any CPU.ActiveCfg = Release|Any CPU
		{029D3BC9-FCCD-4461-A496-2CD802181837}.Release|Any CPU.Build.0 = Release|Any CPU
	EndGlobalSection
	GlobalSection(SolutionProperties) = preSolution
		HideSolutionNode = FALSE
	EndGlobalSection
	GlobalSection(ExtensibilityGlobals) = postSolution
		SolutionGuid = {DBFE3A36-BA11-47AA-890F-39B6A0635288}
	EndGlobalSection
EndGlobal
